
Microsoft Visual Studio Solution File, Format Version 12.00
# Visual Studio Version 17
VisualStudioVersion = 17.5.002.0
MinimumVisualStudioVersion = 10.0.40219.1
Project("{9A19103F-16F7-4668-BE54-9A1E7A4F7556}") = "ÁrvoreBinária", "ÁrvoreBinária.csproj", "{FFB12381-8A1E-4468-A26E-FE15A7187953}"
EndProject
Global
	GlobalSection(SolutionConfigurationPlatforms) = preSolution
		Debug|Any CPU = Debug|Any CPU
		Release|Any CPU = Release|Any CPU
	EndGlobalSection
	GlobalSection(ProjectConfigurationPlatforms) = postSolution
		{FFB12381-8A1E-4468-A26E-FE15A7187953}.Debug|Any CPU.ActiveCfg = Debug|Any CPU
		{FFB12381-8A1E-4468-A26E-FE15A7187953}.Debug|Any CPU.Build.0 = Debug|Any CPU
		{FFB12381-8A1E-4468-A26E-FE15A7187953}.Release|Any CPU.ActiveCfg = Release|Any CPU
		{FFB12381-8A1E-4468-A26E-FE15A7187953}.Release|Any CPU.Build.0 = Release|Any CPU
	EndGlobalSection
	GlobalSection(SolutionProperties) = preSolution
		HideSolutionNode = FALSE
	EndGlobalSection
	GlobalSection(ExtensibilityGlobals) = postSolution
		SolutionGuid = {D9C59606-9989-4B5A-9D34-00D9834845AB}
	EndGlobalSection
EndGlobal
